
Microsoft Visual Studio Solution File, Format Version 12.00
# Visual Studio Version 16
VisualStudioVersion = 16.0.30011.22
MinimumVisualStudioVersion = 10.0.40219.1
Project("{FAE04EC0-301F-11D3-BF4B-00C04F79EFBC}") = "ProyectoCRUD", "ProyectoCRUD\ProyectoCRUD.csproj", "{B055A8B4-FC47-44A9-8825-96C811BB4B3E}"
EndProject
Global
	GlobalSection(SolutionConfigurationPlatforms) = preSolution
		Debug|Any CPU = Debug|Any CPU
		Release|Any CPU = Release|Any CPU
	EndGlobalSection
	GlobalSection(ProjectConfigurationPlatforms) = postSolution
		{B055A8B4-FC47-44A9-8825-96C811BB4B3E}.Debug|Any CPU.ActiveCfg = Debug|Any CPU
		{B055A8B4-FC47-44A9-8825-96C811BB4B3E}.Debug|Any CPU.Build.0 = Debug|Any CPU
		{B055A8B4-FC47-44A9-8825-96C811BB4B3E}.Release|Any CPU.ActiveCfg = Release|Any CPU
		{B055A8B4-FC47-44A9-8825-96C811BB4B3E}.Release|Any CPU.Build.0 = Release|Any CPU
	EndGlobalSection
	GlobalSection(SolutionProperties) = preSolution
		HideSolutionNode = FALSE
	EndGlobalSection
	GlobalSection(ExtensibilityGlobals) = postSolution
		SolutionGuid = {B6BF8575-E924-464D-9874-F9E500D43F02}
	EndGlobalSection
EndGlobal
